version = 1
revision = 3
requires-python = ">=3.14"

[[package]]
name = "micropython-rp2-rpi-pico-w-stubs"
version = "1.26.0.post1"
source = { registry = "https://pypi.org/simple" }
dependencies = [
    { name = "micropython-stdlib-stubs" },
]
sdist = { url = "https://files.pythonhosted.org/packages/55/67/bc2e7d88096efeb5407362b0f33eb1d7ff92e5e9bfe934d3930f855966be/micropython_rp2_rpi_pico_w_stubs-1.26.0.post1.tar.gz", hash = "sha256:3510df55993c3a8d2bbdf398689699e62142f71e3114076837e4e2be8e4f5bbf", size = 94378, upload-time = "2025-09-01T21:43:54.22Z" }
wheels = [
    { url = "https://files.pythonhosted.org/packages/ef/74/49208a0b360844749327d6613ca16a025ee2217b7f6031ed53090c501db9/micropython_rp2_rpi_pico_w_stubs-1.26.0.post1-py2.py3-none-any.whl", hash = "sha256:3730f6c65dae40a14860572badb2c697409e01960a3dbe2f0350bada7fbfa0f4", size = 124534, upload-time = "2025-09-01T21:43:51.95Z" },
]

[[package]]
name = "micropython-stdlib-stubs"
version = "1.26.0.post3"
source = { registry = "https://pypi.org/simple" }
wheels = [
    { url = "https://files.pythonhosted.org/packages/4f/2e/38a03713acf949c571e54de7c64fb48a519521c4ff0c1645d5213316637e/micropython_stdlib_stubs-1.26.0.post3-py3-none-any.whl", hash = "sha256:98a35a1faffeca605a0d38988dd0d98a117c32193db758436c87a08ca278339d", size = 147944, upload-time = "2025-09-01T21:07:57.11Z" },
]

[[package]]
name = "pico"
version = "0.1.0"
source = { virtual = "." }
dependencies = [
    { name = "micropython-rp2-rpi-pico-w-stubs" },
]

[package.metadata]
requires-dist = [{ name = "micropython-rp2-rpi-pico-w-stubs", specifier = ">=1.26.0.post1" }]
